
Microsoft Visual Studio Solution File, Format Version 12.00
# Visual Studio Version 17
VisualStudioVersion = 17.10.34928.147
MinimumVisualStudioVersion = 10.0.40219.1
Project("{FAE04EC0-301F-11D3-BF4B-00C04F79EFBC}") = "DSAPractice", "DSAPractice.csproj", "{B3DF0DF0-AB4F-4A4E-AC9A-44CC7B35AFBB}"
EndProject
Project("{FAE04EC0-301F-11D3-BF4B-00C04F79EFBC}") = "BaseLibrary", "..\BaseLibrary\BaseLibrary.csproj", "{AAAC2FFD-F9B8-486C-B3E6-0D14AF2E6CE2}"
EndProject
Global
	GlobalSection(SolutionConfigurationPlatforms) = preSolution
		Debug|Any CPU = Debug|Any CPU
		Release|Any CPU = Release|Any CPU
	EndGlobalSection
	GlobalSection(ProjectConfigurationPlatforms) = postSolution
		{B3DF0DF0-AB4F-4A4E-AC9A-44CC7B35AFBB}.Debug|Any CPU.ActiveCfg = Debug|Any CPU
		{B3DF0DF0-AB4F-4A4E-AC9A-44CC7B35AFBB}.Debug|Any CPU.Build.0 = Debug|Any CPU
		{B3DF0DF0-AB4F-4A4E-AC9A-44CC7B35AFBB}.Release|Any CPU.ActiveCfg = Release|Any CPU
		{B3DF0DF0-AB4F-4A4E-AC9A-44CC7B35AFBB}.Release|Any CPU.Build.0 = Release|Any CPU
		{AAAC2FFD-F9B8-486C-B3E6-0D14AF2E6CE2}.Debug|Any CPU.ActiveCfg = Debug|Any CPU
		{AAAC2FFD-F9B8-486C-B3E6-0D14AF2E6CE2}.Debug|Any CPU.Build.0 = Debug|Any CPU
		{AAAC2FFD-F9B8-486C-B3E6-0D14AF2E6CE2}.Release|Any CPU.ActiveCfg = Release|Any CPU
		{AAAC2FFD-F9B8-486C-B3E6-0D14AF2E6CE2}.Release|Any CPU.Build.0 = Release|Any CPU
	EndGlobalSection
	GlobalSection(SolutionProperties) = preSolution
		HideSolutionNode = FALSE
	EndGlobalSection
	GlobalSection(ExtensibilityGlobals) = postSolution
		SolutionGuid = {ED7B296A-039B-4954-9502-347F9D25F3EE}
	EndGlobalSection
EndGlobal
